<Solution>
  <Project Path="DanceSchool.AppHost/DanceSchool.AppHost.csproj" Id="83986946-0e54-4a72-944d-f7f61f1df044" />
  <Project Path="DanceSchool.Business/DanceSchool.Business.csproj" />
  <Project Path="DanceSchool.DataAccess/DanceSchool.DataAccess.csproj" />
  <Project Path="DanceSchool.Integration.Tests/DanceSchool.Integration.Tests.csproj" Id="dc767d60-5b6d-4a0a-bc16-450865cae118" />
  <Project Path="DanceSchool.UnitTests/DanceSchool.UnitTests.csproj" Id="777f161e-eef1-46ac-a0f8-b6884b3f2472" />
  <Project Path="DanceSchool/DanceSchool.csproj" />
</Solution>
